
Microsoft Visual Studio Solution File, Format Version 12.00
# Visual Studio Version 16
VisualStudioVersion = 16.0.28803.156
MinimumVisualStudioVersion = 10.0.40219.1
Project("{9A19103F-16F7-4668-BE54-9A1E7A4F7556}") = "NSV.ValidationPipe", "NSV.ValidationPipe\NSV.ValidationPipe.csproj", "{7E14B427-0EF5-4CEB-A20B-9F61559886A3}"
EndProject
Global
	GlobalSection(SolutionConfigurationPlatforms) = preSolution
		Debug|Any CPU = Debug|Any CPU
		Release|Any CPU = Release|Any CPU
	EndGlobalSection
	GlobalSection(ProjectConfigurationPlatforms) = postSolution
		{7E14B427-0EF5-4CEB-A20B-9F61559886A3}.Debug|Any CPU.ActiveCfg = Debug|Any CPU
		{7E14B427-0EF5-4CEB-A20B-9F61559886A3}.Debug|Any CPU.Build.0 = Debug|Any CPU
		{7E14B427-0EF5-4CEB-A20B-9F61559886A3}.Release|Any CPU.ActiveCfg = Release|Any CPU
		{7E14B427-0EF5-4CEB-A20B-9F61559886A3}.Release|Any CPU.Build.0 = Release|Any CPU
	EndGlobalSection
	GlobalSection(SolutionProperties) = preSolution
		HideSolutionNode = FALSE
	EndGlobalSection
	GlobalSection(ExtensibilityGlobals) = postSolution
		SolutionGuid = {99F087F1-60B4-4E8E-B0CB-E5979B975AA6}
	EndGlobalSection
EndGlobal
